// !$*UTF8*$!
{
	archiveVersion = 1;
	classes = {
	};
	objectVersion = 56;
	objects = {

/* Begin PBXBuildFile section */
		0F44540429FC14BF00D52F7E /* _4_25_04_2023_SwiftUI_CardMemoryGameApp.swift in Sources */ = {isa = PBXBuildFile; fileRef = 0F44540329FC14BF00D52F7E /* _4_25_04_2023_SwiftUI_CardMemoryGameApp.swift */; };
		0F44540629FC14BF00D52F7E /* ContentView.swift in Sources */ = {isa = PBXBuildFile; fileRef = 0F44540529FC14BF00D52F7E /* ContentView.swift */; };
		0F44540829FC14C000D52F7E /* Assets.xcassets in Resources */ = {isa = PBXBuildFile; fileRef = 0F44540729FC14C000D52F7E /* Assets.xcassets */; };
		0F44540B29FC14C000D52F7E /* Preview Assets.xcassets in Resources */ = {isa = PBXBuildFile; fileRef = 0F44540A29FC14C000D52F7E /* Preview Assets.xcassets */; };
		0F44541529FC14C000D52F7E /* _4_25_04_2023_SwiftUI_CardMemoryGameTests.swift in Sources */ = {isa = PBXBuildFile; fileRef = 0F44541429FC14C000D52F7E /* _4_25_04_2023_SwiftUI_CardMemoryGameTests.swift */; };
		0F44541F29FC14C000D52F7E /* _4_25_04_2023_SwiftUI_CardMemoryGameUITests.swift in Sources */ = {isa = PBXBuildFile; fileRef = 0F44541E29FC14C000D52F7E /* _4_25_04_2023_SwiftUI_CardMemoryGameUITests.swift */; };
		0F44542129FC14C000D52F7E /* _4_25_04_2023_SwiftUI_CardMemoryGameUITestsLaunchTests.swift in Sources */ = {isa = PBXBuildFile; fileRef = 0F44542029FC14C000D52F7E /* _4_25_04_2023_SwiftUI_CardMemoryGameUITestsLaunchTests.swift */; };
		0FEF23A229FCEEB800677885 /* Game.swift in Sources */ = {isa = PBXBuildFile; fileRef = 0FEF23A129FCEEB800677885 /* Game.swift */; };
		0FEF23A429FCEEFA00677885 /* Card.swift in Sources */ = {isa = PBXBuildFile; fileRef = 0FEF23A329FCEEFA00677885 /* Card.swift */; };
		0FEF23A629FCF04200677885 /* types.swift in Sources */ = {isa = PBXBuildFile; fileRef = 0FEF23A529FCF04200677885 /* types.swift */; };
		0FEF23A829FD070B00677885 /* makeRandomCards.swift in Sources */ = {isa = PBXBuildFile; fileRef = 0FEF23A729FD070B00677885 /* makeRandomCards.swift */; };
		0FEF23AA29FD0BD600677885 /* Setting.swift in Sources */ = {isa = PBXBuildFile; fileRef = 0FEF23A929FD0BD600677885 /* Setting.swift */; };
/* End PBXBuildFile section */

/* Begin PBXContainerItemProxy section */
		0F44541129FC14C000D52F7E /* PBXContainerItemProxy */ = {
			isa = PBXContainerItemProxy;
			containerPortal = 0F4453F829FC14BF00D52F7E /* Project object */;
			proxyType = 1;
			remoteGlobalIDString = 0F4453FF29FC14BF00D52F7E;
			remoteInfo = "24-25.04.2023-SwiftUI-CardMemoryGame";
		};
		0F44541B29FC14C000D52F7E /* PBXContainerItemProxy */ = {
			isa = PBXContainerItemProxy;
			containerPortal = 0F4453F829FC14BF00D52F7E /* Project object */;
			proxyType = 1;
			remoteGlobalIDString = 0F4453FF29FC14BF00D52F7E;
			remoteInfo = "24-25.04.2023-SwiftUI-CardMemoryGame";
		};
/* End PBXContainerItemProxy section */

/* Begin PBXFileReference section */
		0F44540029FC14BF00D52F7E /* 24-25.04.2023-SwiftUI-CardMemoryGame.app */ = {isa = PBXFileReference; explicitFileType = wrapper.application; includeInIndex = 0; path = "24-25.04.2023-SwiftUI-CardMemoryGame.app"; sourceTree = BUILT_PRODUCTS_DIR; };
		0F44540329FC14BF00D52F7E /* _4_25_04_2023_SwiftUI_CardMemoryGameApp.swift */ = {isa = PBXFileReference; lastKnownFileType = sourcecode.swift; path = _4_25_04_2023_SwiftUI_CardMemoryGameApp.swift; sourceTree = "<group>"; };
		0F44540529FC14BF00D52F7E /* ContentView.swift */ = {isa = PBXFileReference; lastKnownFileType = sourcecode.swift; path = ContentView.swift; sourceTree = "<group>"; };
		0F44540729FC14C000D52F7E /* Assets.xcassets */ = {isa = PBXFileReference; lastKnownFileType = folder.assetcatalog; path = Assets.xcassets; sourceTree = "<group>"; };
		0F44540A29FC14C000D52F7E /* Preview Assets.xcassets */ = {isa = PBXFileReference; lastKnownFileType = folder.assetcatalog; path = "Preview Assets.xcassets"; sourceTree = "<group>"; };
		0F44541029FC14C000D52F7E /* 24-25.04.2023-SwiftUI-CardMemoryGameTests.xctest */ = {isa = PBXFileReference; explicitFileType = wrapper.cfbundle; includeInIndex = 0; path = "24-25.04.2023-SwiftUI-CardMemoryGameTests.xctest"; sourceTree = BUILT_PRODUCTS_DIR; };
		0F44541429FC14C000D52F7E /* _4_25_04_2023_SwiftUI_CardMemoryGameTests.swift */ = {isa = PBXFileReference; lastKnownFileType = sourcecode.swift; path = _4_25_04_2023_SwiftUI_CardMemoryGameTests.swift; sourceTree = "<group>"; };
		0F44541A29FC14C000D52F7E /* 24-25.04.2023-SwiftUI-CardMemoryGameUITests.xctest */ = {isa = PBXFileReference; explicitFileType = wrapper.cfbundle; includeInIndex = 0; path = "24-25.04.2023-SwiftUI-CardMemoryGameUITests.xctest"; sourceTree = BUILT_PRODUCTS_DIR; };
		0F44541E29FC14C000D52F7E /* _4_25_04_2023_SwiftUI_CardMemoryGameUITests.swift */ = {isa = PBXFileReference; lastKnownFileType = sourcecode.swift; path = _4_25_04_2023_SwiftUI_CardMemoryGameUITests.swift; sourceTree = "<group>"; };
		0F44542029FC14C000D52F7E /* _4_25_04_2023_SwiftUI_CardMemoryGameUITestsLaunchTests.swift */ = {isa = PBXFileReference; lastKnownFileType = sourcecode.swift; path = _4_25_04_2023_SwiftUI_CardMemoryGameUITestsLaunchTests.swift; sourceTree = "<group>"; };
		0FEF23A129FCEEB800677885 /* Game.swift */ = {isa = PBXFileReference; lastKnownFileType = sourcecode.swift; path = Game.swift; sourceTree = "<group>"; };
		0FEF23A329FCEEFA00677885 /* Card.swift */ = {isa = PBXFileReference; lastKnownFileType = sourcecode.swift; path = Card.swift; sourceTree = "<group>"; };
		0FEF23A529FCF04200677885 /* types.swift */ = {isa = PBXFileReference; lastKnownFileType = sourcecode.swift; path = types.swift; sourceTree = "<group>"; };
		0FEF23A729FD070B00677885 /* makeRandomCards.swift */ = {isa = PBXFileReference; lastKnownFileType = sourcecode.swift; path = makeRandomCards.swift; sourceTree = "<group>"; };
		0FEF23A929FD0BD600677885 /* Setting.swift */ = {isa = PBXFileReference; lastKnownFileType = sourcecode.swift; path = Setting.swift; sourceTree = "<group>"; };
/* End PBXFileReference section */

/* Begin PBXFrameworksBuildPhase section */
		0F4453FD29FC14BF00D52F7E /* Frameworks */ = {
			isa = PBXFrameworksBuildPhase;
			buildActionMask = 2147483647;
			files = (
			);
			runOnlyForDeploymentPostprocessing = 0;
		};
		0F44540D29FC14C000D52F7E /* Frameworks */ = {
			isa = PBXFrameworksBuildPhase;
			buildActionMask = 2147483647;
			files = (
			);
			runOnlyForDeploymentPostprocessing = 0;
		};
		0F44541729FC14C000D52F7E /* Frameworks */ = {
			isa = PBXFrameworksBuildPhase;
			buildActionMask = 2147483647;
			files = (
			);
			runOnlyForDeploymentPostprocessing = 0;
		};
/* End PBXFrameworksBuildPhase section */

/* Begin PBXGroup section */
		0F4453F729FC14BF00D52F7E = {
			isa = PBXGroup;
			children = (
				0F44540229FC14BF00D52F7E /* 24-25.04.2023-SwiftUI-CardMemoryGame */,
				0F44541329FC14C000D52F7E /* 24-25.04.2023-SwiftUI-CardMemoryGameTests */,
				0F44541D29FC14C000D52F7E /* 24-25.04.2023-SwiftUI-CardMemoryGameUITests */,
				0F44540129FC14BF00D52F7E /* Products */,
			);
			sourceTree = "<group>";
		};
		0F44540129FC14BF00D52F7E /* Products */ = {
			isa = PBXGroup;
			children = (
				0F44540029FC14BF00D52F7E /* 24-25.04.2023-SwiftUI-CardMemoryGame.app */,
				0F44541029FC14C000D52F7E /* 24-25.04.2023-SwiftUI-CardMemoryGameTests.xctest */,
				0F44541A29FC14C000D52F7E /* 24-25.04.2023-SwiftUI-CardMemoryGameUITests.xctest */,
			);
			name = Products;
			sourceTree = "<group>";
		};
		0F44540229FC14BF00D52F7E /* 24-25.04.2023-SwiftUI-CardMemoryGame */ = {
			isa = PBXGroup;
			children = (
				0F44540329FC14BF00D52F7E /* _4_25_04_2023_SwiftUI_CardMemoryGameApp.swift */,
				0F44540529FC14BF00D52F7E /* ContentView.swift */,
				0FEF23A129FCEEB800677885 /* Game.swift */,
				0FEF23A929FD0BD600677885 /* Setting.swift */,
				0FEF23A729FD070B00677885 /* makeRandomCards.swift */,
				0FEF23A529FCF04200677885 /* types.swift */,
				0FEF23A329FCEEFA00677885 /* Card.swift */,
				0F44540729FC14C000D52F7E /* Assets.xcassets */,
				0F44540929FC14C000D52F7E /* Preview Content */,
			);
			path = "24-25.04.2023-SwiftUI-CardMemoryGame";
			sourceTree = "<group>";
		};
		0F44540929FC14C000D52F7E /* Preview Content */ = {
			isa = PBXGroup;
			children = (
				0F44540A29FC14C000D52F7E /* Preview Assets.xcassets */,
			);
			path = "Preview Content";
			sourceTree = "<group>";
		};
		0F44541329FC14C000D52F7E /* 24-25.04.2023-SwiftUI-CardMemoryGameTests */ = {
			isa = PBXGroup;
			children = (
				0F44541429FC14C000D52F7E /* _4_25_04_2023_SwiftUI_CardMemoryGameTests.swift */,
			);
			path = "24-25.04.2023-SwiftUI-CardMemoryGameTests";
			sourceTree = "<group>";
		};
		0F44541D29FC14C000D52F7E /* 24-25.04.2023-SwiftUI-CardMemoryGameUITests */ = {
			isa = PBXGroup;
			children = (
				0F44541E29FC14C000D52F7E /* _4_25_04_2023_SwiftUI_CardMemoryGameUITests.swift */,
				0F44542029FC14C000D52F7E /* _4_25_04_2023_SwiftUI_CardMemoryGameUITestsLaunchTests.swift */,
			);
			path = "24-25.04.2023-SwiftUI-CardMemoryGameUITests";
			sourceTree = "<group>";
		};
/* End PBXGroup section */

/* Begin PBXNativeTarget section */
		0F4453FF29FC14BF00D52F7E /* 24-25.04.2023-SwiftUI-CardMemoryGame */ = {
			isa = PBXNativeTarget;
			buildConfigurationList = 0F44542429FC14C000D52F7E /* Build configuration list for PBXNativeTarget "24-25.04.2023-SwiftUI-CardMemoryGame" */;
			buildPhases = (
				0F4453FC29FC14BF00D52F7E /* Sources */,
				0F4453FD29FC14BF00D52F7E /* Frameworks */,
				0F4453FE29FC14BF00D52F7E /* Resources */,
			);
			buildRules = (
			);
			dependencies = (
			);
			name = "24-25.04.2023-SwiftUI-CardMemoryGame";
			productName = "24-25.04.2023-SwiftUI-CardMemoryGame";
			productReference = 0F44540029FC14BF00D52F7E /* 24-25.04.2023-SwiftUI-CardMemoryGame.app */;
			productType = "com.apple.product-type.application";
		};
		0F44540F29FC14C000D52F7E /* 24-25.04.2023-SwiftUI-CardMemoryGameTests */ = {
			isa = PBXNativeTarget;
			buildConfigurationList = 0F44542729FC14C000D52F7E /* Build configuration list for PBXNativeTarget "24-25.04.2023-SwiftUI-CardMemoryGameTests" */;
			buildPhases = (
				0F44540C29FC14C000D52F7E /* Sources */,
				0F44540D29FC14C000D52F7E /* Frameworks */,
				0F44540E29FC14C000D52F7E /* Resources */,
			);
			buildRules = (
			);
			dependencies = (
				0F44541229FC14C000D52F7E /* PBXTargetDependency */,
			);
			name = "24-25.04.2023-SwiftUI-CardMemoryGameTests";
			productName = "24-25.04.2023-SwiftUI-CardMemoryGameTests";
			productReference = 0F44541029FC14C000D52F7E /* 24-25.04.2023-SwiftUI-CardMemoryGameTests.xctest */;
			productType = "com.apple.product-type.bundle.unit-test";
		};
		0F44541929FC14C000D52F7E /* 24-25.04.2023-SwiftUI-CardMemoryGameUITests */ = {
			isa = PBXNativeTarget;
			buildConfigurationList = 0F44542A29FC14C000D52F7E /* Build configuration list for PBXNativeTarget "24-25.04.2023-SwiftUI-CardMemoryGameUITests" */;
			buildPhases = (
				0F44541629FC14C000D52F7E /* Sources */,
				0F44541729FC14C000D52F7E /* Frameworks */,
				0F44541829FC14C000D52F7E /* Resources */,
			);
			buildRules = (
			);
			dependencies = (
				0F44541C29FC14C000D52F7E /* PBXTargetDependency */,
			);
			name = "24-25.04.2023-SwiftUI-CardMemoryGameUITests";
			productName = "24-25.04.2023-SwiftUI-CardMemoryGameUITests";
			productReference = 0F44541A29FC14C000D52F7E /* 24-25.04.2023-SwiftUI-CardMemoryGameUITests.xctest */;
			productType = "com.apple.product-type.bundle.ui-testing";
		};
/* End PBXNativeTarget section */

/* Begin PBXProject section */
		0F4453F829FC14BF00D52F7E /* Project object */ = {
			isa = PBXProject;
			attributes = {
				BuildIndependentTargetsInParallel = 1;
				LastSwiftUpdateCheck = 1420;
				LastUpgradeCheck = 1420;
				TargetAttributes = {
					0F4453FF29FC14BF00D52F7E = {
						CreatedOnToolsVersion = 14.2;
					};
					0F44540F29FC14C000D52F7E = {
						CreatedOnToolsVersion = 14.2;
						TestTargetID = 0F4453FF29FC14BF00D52F7E;
					};
					0F44541929FC14C000D52F7E = {
						CreatedOnToolsVersion = 14.2;
						TestTargetID = 0F4453FF29FC14BF00D52F7E;
					};
				};
			};
			buildConfigurationList = 0F4453FB29FC14BF00D52F7E /* Build configuration list for PBXProject "24-25.04.2023-SwiftUI-CardMemoryGame" */;
			compatibilityVersion = "Xcode 14.0";
			developmentRegion = en;
			hasScannedForEncodings = 0;
			knownRegions = (
				en,
				Base,
			);
			mainGroup = 0F4453F729FC14BF00D52F7E;
			productRefGroup = 0F44540129FC14BF00D52F7E /* Products */;
			projectDirPath = "";
			projectRoot = "";
			targets = (
				0F4453FF29FC14BF00D52F7E /* 24-25.04.2023-SwiftUI-CardMemoryGame */,
				0F44540F29FC14C000D52F7E /* 24-25.04.2023-SwiftUI-CardMemoryGameTests */,
				0F44541929FC14C000D52F7E /* 24-25.04.2023-SwiftUI-CardMemoryGameUITests */,
			);
		};
/* End PBXProject section */

/* Begin PBXResourcesBuildPhase section */
		0F4453FE29FC14BF00D52F7E /* Resources */ = {
			isa = PBXResourcesBuildPhase;
			buildActionMask = 2147483647;
			files = (
				0F44540B29FC14C000D52F7E /* Preview Assets.xcassets in Resources */,
				0F44540829FC14C000D52F7E /* Assets.xcassets in Resources */,
			);
			runOnlyForDeploymentPostprocessing = 0;
		};
		0F44540E29FC14C000D52F7E /* Resources */ = {
			isa = PBXResourcesBuildPhase;
			buildActionMask = 2147483647;
			files = (
			);
			runOnlyForDeploymentPostprocessing = 0;
		};
		0F44541829FC14C000D52F7E /* Resources */ = {
			isa = PBXResourcesBuildPhase;
			buildActionMask = 2147483647;
			files = (
			);
			runOnlyForDeploymentPostprocessing = 0;
		};
/* End PBXResourcesBuildPhase section */

/* Begin PBXSourcesBuildPhase section */
		0F4453FC29FC14BF00D52F7E /* Sources */ = {
			isa = PBXSourcesBuildPhase;
			buildActionMask = 2147483647;
			files = (
				0FEF23A829FD070B00677885 /* makeRandomCards.swift in Sources */,
				0F44540629FC14BF00D52F7E /* ContentView.swift in Sources */,
				0FEF23A229FCEEB800677885 /* Game.swift in Sources */,
				0FEF23A629FCF04200677885 /* types.swift in Sources */,
				0FEF23AA29FD0BD600677885 /* Setting.swift in Sources */,
				0F44540429FC14BF00D52F7E /* _4_25_04_2023_SwiftUI_CardMemoryGameApp.swift in Sources */,
				0FEF23A429FCEEFA00677885 /* Card.swift in Sources */,
			);
			runOnlyForDeploymentPostprocessing = 0;
		};
		0F44540C29FC14C000D52F7E /* Sources */ = {
			isa = PBXSourcesBuildPhase;
			buildActionMask = 2147483647;
			files = (
				0F44541529FC14C000D52F7E /* _4_25_04_2023_SwiftUI_CardMemoryGameTests.swift in Sources */,
			);
			runOnlyForDeploymentPostprocessing = 0;
		};
		0F44541629FC14C000D52F7E /* Sources */ = {
			isa = PBXSourcesBuildPhase;
			buildActionMask = 2147483647;
			files = (
				0F44542129FC14C000D52F7E /* _4_25_04_2023_SwiftUI_CardMemoryGameUITestsLaunchTests.swift in Sources */,
				0F44541F29FC14C000D52F7E /* _4_25_04_2023_SwiftUI_CardMemoryGameUITests.swift in Sources */,
			);
			runOnlyForDeploymentPostprocessing = 0;
		};
/* End PBXSourcesBuildPhase section */

/* Begin PBXTargetDependency section */
		0F44541229FC14C000D52F7E /* PBXTargetDependency */ = {
			isa = PBXTargetDependency;
			target = 0F4453FF29FC14BF00D52F7E /* 24-25.04.2023-SwiftUI-CardMemoryGame */;
			targetProxy = 0F44541129FC14C000D52F7E /* PBXContainerItemProxy */;
		};
		0F44541C29FC14C000D52F7E /* PBXTargetDependency */ = {
			isa = PBXTargetDependency;
			target = 0F4453FF29FC14BF00D52F7E /* 24-25.04.2023-SwiftUI-CardMemoryGame */;
			targetProxy = 0F44541B29FC14C000D52F7E /* PBXContainerItemProxy */;
		};
/* End PBXTargetDependency section */

/* Begin XCBuildConfiguration section */
		0F44542229FC14C000D52F7E /* Debug */ = {
			isa = XCBuildConfiguration;
			buildSettings = {
				ALWAYS_SEARCH_USER_PATHS = NO;
				CLANG_ANALYZER_NONNULL = YES;
				CLANG_ANALYZER_NUMBER_OBJECT_CONVERSION = YES_AGGRESSIVE;
				CLANG_CXX_LANGUAGE_STANDARD = "gnu++20";
				CLANG_ENABLE_MODULES = YES;
				CLANG_ENABLE_OBJC_ARC = YES;
				CLANG_ENABLE_OBJC_WEAK = YES;
				CLANG_WARN_BLOCK_CAPTURE_AUTORELEASING = YES;
				CLANG_WARN_BOOL_CONVERSION = YES;
				CLANG_WARN_COMMA = YES;
				CLANG_WARN_CONSTANT_CONVERSION = YES;
				CLANG_WARN_DEPRECATED_OBJC_IMPLEMENTATIONS = YES;
				CLANG_WARN_DIRECT_OBJC_ISA_USAGE = YES_ERROR;
				CLANG_WARN_DOCUMENTATION_COMMENTS = YES;
				CLANG_WARN_EMPTY_BODY = YES;
				CLANG_WARN_ENUM_CONVERSION = YES;
				CLANG_WARN_INFINITE_RECURSION = YES;
				CLANG_WARN_INT_CONVERSION = YES;
				CLANG_WARN_NON_LITERAL_NULL_CONVERSION = YES;
				CLANG_WARN_OBJC_IMPLICIT_RETAIN_SELF = YES;
				CLANG_WARN_OBJC_LITERAL_CONVERSION = YES;
				CLANG_WARN_OBJC_ROOT_CLASS = YES_ERROR;
				CLANG_WARN_QUOTED_INCLUDE_IN_FRAMEWORK_HEADER = YES;
				CLANG_WARN_RANGE_LOOP_ANALYSIS = YES;
				CLANG_WARN_STRICT_PROTOTYPES = YES;
				CLANG_WARN_SUSPICIOUS_MOVE = YES;
				CLANG_WARN_UNGUARDED_AVAILABILITY = YES_AGGRESSIVE;
				CLANG_WARN_UNREACHABLE_CODE = YES;
				CLANG_WARN__DUPLICATE_METHOD_MATCH = YES;
				COPY_PHASE_STRIP = NO;
				DEBUG_INFORMATION_FORMAT = dwarf;
				ENABLE_STRICT_OBJC_MSGSEND = YES;
				ENABLE_TESTABILITY = YES;
				GCC_C_LANGUAGE_STANDARD = gnu11;
				GCC_DYNAMIC_NO_PIC = NO;
				GCC_NO_COMMON_BLOCKS = YES;
				GCC_OPTIMIZATION_LEVEL = 0;
				GCC_PREPROCESSOR_DEFINITIONS = (
					"DEBUG=1",
					"$(inherited)",
				);
				GCC_WARN_64_TO_32_BIT_CONVERSION = YES;
				GCC_WARN_ABOUT_RETURN_TYPE = YES_ERROR;
				GCC_WARN_UNDECLARED_SELECTOR = YES;
				GCC_WARN_UNINITIALIZED_AUTOS = YES_AGGRESSIVE;
				GCC_WARN_UNUSED_FUNCTION = YES;
				GCC_WARN_UNUSED_VARIABLE = YES;
				IPHONEOS_DEPLOYMENT_TARGET = 16.2;
				MTL_ENABLE_DEBUG_INFO = INCLUDE_SOURCE;
				MTL_FAST_MATH = YES;
				ONLY_ACTIVE_ARCH = YES;
				SDKROOT = iphoneos;
				SWIFT_ACTIVE_COMPILATION_CONDITIONS = DEBUG;
				SWIFT_OPTIMIZATION_LEVEL = "-Onone";
			};
			name = Debug;
		};
		0F44542329FC14C000D52F7E /* Release */ = {
			isa = XCBuildConfiguration;
			buildSettings = {
				ALWAYS_SEARCH_USER_PATHS = NO;
				CLANG_ANALYZER_NONNULL = YES;
				CLANG_ANALYZER_NUMBER_OBJECT_CONVERSION = YES_AGGRESSIVE;
				CLANG_CXX_LANGUAGE_STANDARD = "gnu++20";
				CLANG_ENABLE_MODULES = YES;
				CLANG_ENABLE_OBJC_ARC = YES;
				CLANG_ENABLE_OBJC_WEAK = YES;
				CLANG_WARN_BLOCK_CAPTURE_AUTORELEASING = YES;
				CLANG_WARN_BOOL_CONVERSION = YES;
				CLANG_WARN_COMMA = YES;
				CLANG_WARN_CONSTANT_CONVERSION = YES;
				CLANG_WARN_DEPRECATED_OBJC_IMPLEMENTATIONS = YES;
				CLANG_WARN_DIRECT_OBJC_ISA_USAGE = YES_ERROR;
				CLANG_WARN_DOCUMENTATION_COMMENTS = YES;
				CLANG_WARN_EMPTY_BODY = YES;
				CLANG_WARN_ENUM_CONVERSION = YES;
				CLANG_WARN_INFINITE_RECURSION = YES;
				CLANG_WARN_INT_CONVERSION = YES;
				CLANG_WARN_NON_LITERAL_NULL_CONVERSION = YES;
				CLANG_WARN_OBJC_IMPLICIT_RETAIN_SELF = YES;
				CLANG_WARN_OBJC_LITERAL_CONVERSION = YES;
				CLANG_WARN_OBJC_ROOT_CLASS = YES_ERROR;
				CLANG_WARN_QUOTED_INCLUDE_IN_FRAMEWORK_HEADER = YES;
				CLANG_WARN_RANGE_LOOP_ANALYSIS = YES;
				CLANG_WARN_STRICT_PROTOTYPES = YES;
				CLANG_WARN_SUSPICIOUS_MOVE = YES;
				CLANG_WARN_UNGUARDED_AVAILABILITY = YES_AGGRESSIVE;
				CLANG_WARN_UNREACHABLE_CODE = YES;
				CLANG_WARN__DUPLICATE_METHOD_MATCH = YES;
				COPY_PHASE_STRIP = NO;
				DEBUG_INFORMATION_FORMAT = "dwarf-with-dsym";
				ENABLE_NS_ASSERTIONS = NO;
				ENABLE_STRICT_OBJC_MSGSEND = YES;
				GCC_C_LANGUAGE_STANDARD = gnu11;
				GCC_NO_COMMON_BLOCKS = YES;
				GCC_WARN_64_TO_32_BIT_CONVERSION = YES;
				GCC_WARN_ABOUT_RETURN_TYPE = YES_ERROR;
				GCC_WARN_UNDECLARED_SELECTOR = YES;
				GCC_WARN_UNINITIALIZED_AUTOS = YES_AGGRESSIVE;
				GCC_WARN_UNUSED_FUNCTION = YES;
				GCC_WARN_UNUSED_VARIABLE = YES;
				IPHONEOS_DEPLOYMENT_TARGET = 16.2;
				MTL_ENABLE_DEBUG_INFO = NO;
				MTL_FAST_MATH = YES;
				SDKROOT = iphoneos;
				SWIFT_COMPILATION_MODE = wholemodule;
				SWIFT_OPTIMIZATION_LEVEL = "-O";
				VALIDATE_PRODUCT = YES;
			};
			name = Release;
		};
		0F44542529FC14C000D52F7E /* Debug */ = {
			isa = XCBuildConfiguration;
			buildSettings = {
				ASSETCATALOG_COMPILER_APPICON_NAME = AppIcon;
				ASSETCATALOG_COMPILER_GLOBAL_ACCENT_COLOR_NAME = AccentColor;
				CODE_SIGN_STYLE = Automatic;
				CURRENT_PROJECT_VERSION = 1;
				DEVELOPMENT_ASSET_PATHS = "\"24-25.04.2023-SwiftUI-CardMemoryGame/Preview Content\"";
				ENABLE_PREVIEWS = YES;
				GENERATE_INFOPLIST_FILE = YES;
				INFOPLIST_KEY_UIApplicationSceneManifest_Generation = YES;
				INFOPLIST_KEY_UIApplicationSupportsIndirectInputEvents = YES;
				INFOPLIST_KEY_UILaunchScreen_Generation = YES;
				INFOPLIST_KEY_UISupportedInterfaceOrientations_iPad = "UIInterfaceOrientationPortrait UIInterfaceOrientationPortraitUpsideDown UIInterfaceOrientationLandscapeLeft UIInterfaceOrientationLandscapeRight";
				INFOPLIST_KEY_UISupportedInterfaceOrientations_iPhone = "UIInterfaceOrientationPortrait UIInterfaceOrientationLandscapeLeft UIInterfaceOrientationLandscapeRight";
				LD_RUNPATH_SEARCH_PATHS = (
					"$(inherited)",
					"@executable_path/Frameworks",
				);
				MARKETING_VERSION = 1.0;
				PRODUCT_BUNDLE_IDENTIFIER = "com.vel.manicmondaytuesday.-4-25-04-2023-SwiftUI-CardMemoryGame";
				PRODUCT_NAME = "$(TARGET_NAME)";
				SWIFT_EMIT_LOC_STRINGS = YES;
				SWIFT_VERSION = 5.0;
				TARGETED_DEVICE_FAMILY = "1,2";
			};
			name = Debug;
		};
		0F44542629FC14C000D52F7E /* Release */ = {
			isa = XCBuildConfiguration;
			buildSettings = {
				ASSETCATALOG_COMPILER_APPICON_NAME = AppIcon;
				ASSETCATALOG_COMPILER_GLOBAL_ACCENT_COLOR_NAME = AccentColor;
				CODE_SIGN_STYLE = Automatic;
				CURRENT_PROJECT_VERSION = 1;
				DEVELOPMENT_ASSET_PATHS = "\"24-25.04.2023-SwiftUI-CardMemoryGame/Preview Content\"";
				ENABLE_PREVIEWS = YES;
				GENERATE_INFOPLIST_FILE = YES;
				INFOPLIST_KEY_UIApplicationSceneManifest_Generation = YES;
				INFOPLIST_KEY_UIApplicationSupportsIndirectInputEvents = YES;
				INFOPLIST_KEY_UILaunchScreen_Generation = YES;
				INFOPLIST_KEY_UISupportedInterfaceOrientations_iPad = "UIInterfaceOrientationPortrait UIInterfaceOrientationPortraitUpsideDown UIInterfaceOrientationLandscapeLeft UIInterfaceOrientationLandscapeRight";
				INFOPLIST_KEY_UISupportedInterfaceOrientations_iPhone = "UIInterfaceOrientationPortrait UIInterfaceOrientationLandscapeLeft UIInterfaceOrientationLandscapeRight";
				LD_RUNPATH_SEARCH_PATHS = (
					"$(inherited)",
					"@executable_path/Frameworks",
				);
				MARKETING_VERSION = 1.0;
				PRODUCT_BUNDLE_IDENTIFIER = "com.vel.manicmondaytuesday.-4-25-04-2023-SwiftUI-CardMemoryGame";
				PRODUCT_NAME = "$(TARGET_NAME)";
				SWIFT_EMIT_LOC_STRINGS = YES;
				SWIFT_VERSION = 5.0;
				TARGETED_DEVICE_FAMILY = "1,2";
			};
			name = Release;
		};
		0F44542829FC14C000D52F7E /* Debug */ = {
			isa = XCBuildConfiguration;
			buildSettings = {
				ALWAYS_EMBED_SWIFT_STANDARD_LIBRARIES = YES;
				BUNDLE_LOADER = "$(TEST_HOST)";
				CODE_SIGN_STYLE = Automatic;
				CURRENT_PROJECT_VERSION = 1;
				GENERATE_INFOPLIST_FILE = YES;
				IPHONEOS_DEPLOYMENT_TARGET = 16.2;
				MARKETING_VERSION = 1.0;
				PRODUCT_BUNDLE_IDENTIFIER = "com.vel.manicmondaytuesday.-4-25-04-2023-SwiftUI-CardMemoryGameTests";
				PRODUCT_NAME = "$(TARGET_NAME)";
				SWIFT_EMIT_LOC_STRINGS = NO;
				SWIFT_VERSION = 5.0;
				TARGETED_DEVICE_FAMILY = "1,2";
				TEST_HOST = "$(BUILT_PRODUCTS_DIR)/24-25.04.2023-SwiftUI-CardMemoryGame.app/$(BUNDLE_EXECUTABLE_FOLDER_PATH)/24-25.04.2023-SwiftUI-CardMemoryGame";
			};
			name = Debug;
		};
		0F44542929FC14C000D52F7E /* Release */ = {
			isa = XCBuildConfiguration;
			buildSettings = {
				ALWAYS_EMBED_SWIFT_STANDARD_LIBRARIES = YES;
				BUNDLE_LOADER = "$(TEST_HOST)";
				CODE_SIGN_STYLE = Automatic;
				CURRENT_PROJECT_VERSION = 1;
				GENERATE_INFOPLIST_FILE = YES;
				IPHONEOS_DEPLOYMENT_TARGET = 16.2;
				MARKETING_VERSION = 1.0;
				PRODUCT_BUNDLE_IDENTIFIER = "com.vel.manicmondaytuesday.-4-25-04-2023-SwiftUI-CardMemoryGameTests";
				PRODUCT_NAME = "$(TARGET_NAME)";
				SWIFT_EMIT_LOC_STRINGS = NO;
				SWIFT_VERSION = 5.0;
				TARGETED_DEVICE_FAMILY = "1,2";
				TEST_HOST = "$(BUILT_PRODUCTS_DIR)/24-25.04.2023-SwiftUI-CardMemoryGame.app/$(BUNDLE_EXECUTABLE_FOLDER_PATH)/24-25.04.2023-SwiftUI-CardMemoryGame";
			};
			name = Release;
		};
		0F44542B29FC14C000D52F7E /* Debug */ = {
			isa = XCBuildConfiguration;
			buildSettings = {
				ALWAYS_EMBED_SWIFT_STANDARD_LIBRARIES = YES;
				CODE_SIGN_STYLE = Automatic;
				CURRENT_PROJECT_VERSION = 1;
				GENERATE_INFOPLIST_FILE = YES;
				MARKETING_VERSION = 1.0;
				PRODUCT_BUNDLE_IDENTIFIER = "com.vel.manicmondaytuesday.-4-25-04-2023-SwiftUI-CardMemoryGameUITests";
				PRODUCT_NAME = "$(TARGET_NAME)";
				SWIFT_EMIT_LOC_STRINGS = NO;
				SWIFT_VERSION = 5.0;
				TARGETED_DEVICE_FAMILY = "1,2";
				TEST_TARGET_NAME = "24-25.04.2023-SwiftUI-CardMemoryGame";
			};
			name = Debug;
		};
		0F44542C29FC14C000D52F7E /* Release */ = {
			isa = XCBuildConfiguration;
			buildSettings = {
				ALWAYS_EMBED_SWIFT_STANDARD_LIBRARIES = YES;
				CODE_SIGN_STYLE = Automatic;
				CURRENT_PROJECT_VERSION = 1;
				GENERATE_INFOPLIST_FILE = YES;
				MARKETING_VERSION = 1.0;
				PRODUCT_BUNDLE_IDENTIFIER = "com.vel.manicmondaytuesday.-4-25-04-2023-SwiftUI-CardMemoryGameUITests";
				PRODUCT_NAME = "$(TARGET_NAME)";
				SWIFT_EMIT_LOC_STRINGS = NO;
				SWIFT_VERSION = 5.0;
				TARGETED_DEVICE_FAMILY = "1,2";
				TEST_TARGET_NAME = "24-25.04.2023-SwiftUI-CardMemoryGame";
			};
			name = Release;
		};
/* End XCBuildConfiguration section */

/* Begin XCConfigurationList section */
		0F4453FB29FC14BF00D52F7E /* Build configuration list for PBXProject "24-25.04.2023-SwiftUI-CardMemoryGame" */ = {
			isa = XCConfigurationList;
			buildConfigurations = (
				0F44542229FC14C000D52F7E /* Debug */,
				0F44542329FC14C000D52F7E /* Release */,
			);
			defaultConfigurationIsVisible = 0;
			defaultConfigurationName = Release;
		};
		0F44542429FC14C000D52F7E /* Build configuration list for PBXNativeTarget "24-25.04.2023-SwiftUI-CardMemoryGame" */ = {
			isa = XCConfigurationList;
			buildConfigurations = (
				0F44542529FC14C000D52F7E /* Debug */,
				0F44542629FC14C000D52F7E /* Release */,
			);
			defaultConfigurationIsVisible = 0;
			defaultConfigurationName = Release;
		};
		0F44542729FC14C000D52F7E /* Build configuration list for PBXNativeTarget "24-25.04.2023-SwiftUI-CardMemoryGameTests" */ = {
			isa = XCConfigurationList;
			buildConfigurations = (
				0F44542829FC14C000D52F7E /* Debug */,
				0F44542929FC14C000D52F7E /* Release */,
			);
			defaultConfigurationIsVisible = 0;
			defaultConfigurationName = Release;
		};
		0F44542A29FC14C000D52F7E /* Build configuration list for PBXNativeTarget "24-25.04.2023-SwiftUI-CardMemoryGameUITests" */ = {
			isa = XCConfigurationList;
			buildConfigurations = (
				0F44542B29FC14C000D52F7E /* Debug */,
				0F44542C29FC14C000D52F7E /* Release */,
			);
			defaultConfigurationIsVisible = 0;
			defaultConfigurationName = Release;
		};
/* End XCConfigurationList section */
	};
	rootObject = 0F4453F829FC14BF00D52F7E /* Project object */;
}
