// !$*UTF8*$!
{
	archiveVersion = 1;
	classes = {
	};
	objectVersion = 56;
	objects = {

/* Begin PBXBuildFile section */
		0F23E91A2A2DCF9300BDD77D /* _5_06_06_2023_SwiftUI_Structure42_Phase1App.swift in Sources */ = {isa = PBXBuildFile; fileRef = 0F23E9192A2DCF9300BDD77D /* _5_06_06_2023_SwiftUI_Structure42_Phase1App.swift */; };
		0F23E91C2A2DCF9300BDD77D /* App.swift in Sources */ = {isa = PBXBuildFile; fileRef = 0F23E91B2A2DCF9300BDD77D /* App.swift */; };
		0F23E91E2A2DCF9500BDD77D /* Assets.xcassets in Resources */ = {isa = PBXBuildFile; fileRef = 0F23E91D2A2DCF9500BDD77D /* Assets.xcassets */; };
		0F23E9212A2DCF9500BDD77D /* Preview Assets.xcassets in Resources */ = {isa = PBXBuildFile; fileRef = 0F23E9202A2DCF9500BDD77D /* Preview Assets.xcassets */; };
		0F23E9282A2DDAB500BDD77D /* VehicleProjectCard.swift in Sources */ = {isa = PBXBuildFile; fileRef = 0F23E9272A2DDAB500BDD77D /* VehicleProjectCard.swift */; };
		0F23E92A2A2DDC4300BDD77D /* types.swift in Sources */ = {isa = PBXBuildFile; fileRef = 0F23E9292A2DDC4300BDD77D /* types.swift */; };
		0F23E92C2A2DE2EC00BDD77D /* Sort.swift in Sources */ = {isa = PBXBuildFile; fileRef = 0F23E92B2A2DE2EC00BDD77D /* Sort.swift */; };
		0F23E92E2A2DF97800BDD77D /* sampleData.swift in Sources */ = {isa = PBXBuildFile; fileRef = 0F23E92D2A2DF97800BDD77D /* sampleData.swift */; };
		0F23E9342A2E2C8500BDD77D /* makeQueyString.swift in Sources */ = {isa = PBXBuildFile; fileRef = 0F23E9332A2E2C8500BDD77D /* makeQueyString.swift */; };
		0F5766AB2A33BA38009B7F1D /* DefaultApi.swift in Sources */ = {isa = PBXBuildFile; fileRef = 0F5766AA2A33BA38009B7F1D /* DefaultApi.swift */; };
/* End PBXBuildFile section */

/* Begin PBXFileReference section */
		0F23E9162A2DCF9300BDD77D /* 05-06.06.2023-SwiftUI-Structure42-Phase1.app */ = {isa = PBXFileReference; explicitFileType = wrapper.application; includeInIndex = 0; path = "05-06.06.2023-SwiftUI-Structure42-Phase1.app"; sourceTree = BUILT_PRODUCTS_DIR; };
		0F23E9192A2DCF9300BDD77D /* _5_06_06_2023_SwiftUI_Structure42_Phase1App.swift */ = {isa = PBXFileReference; lastKnownFileType = sourcecode.swift; path = _5_06_06_2023_SwiftUI_Structure42_Phase1App.swift; sourceTree = "<group>"; };
		0F23E91B2A2DCF9300BDD77D /* App.swift */ = {isa = PBXFileReference; lastKnownFileType = sourcecode.swift; path = App.swift; sourceTree = "<group>"; };
		0F23E91D2A2DCF9500BDD77D /* Assets.xcassets */ = {isa = PBXFileReference; lastKnownFileType = folder.assetcatalog; path = Assets.xcassets; sourceTree = "<group>"; };
		0F23E9202A2DCF9500BDD77D /* Preview Assets.xcassets */ = {isa = PBXFileReference; lastKnownFileType = folder.assetcatalog; path = "Preview Assets.xcassets"; sourceTree = "<group>"; };
		0F23E9272A2DDAB500BDD77D /* VehicleProjectCard.swift */ = {isa = PBXFileReference; lastKnownFileType = sourcecode.swift; path = VehicleProjectCard.swift; sourceTree = "<group>"; };
		0F23E9292A2DDC4300BDD77D /* types.swift */ = {isa = PBXFileReference; lastKnownFileType = sourcecode.swift; path = types.swift; sourceTree = "<group>"; };
		0F23E92B2A2DE2EC00BDD77D /* Sort.swift */ = {isa = PBXFileReference; lastKnownFileType = sourcecode.swift; path = Sort.swift; sourceTree = "<group>"; };
		0F23E92D2A2DF97800BDD77D /* sampleData.swift */ = {isa = PBXFileReference; lastKnownFileType = sourcecode.swift; path = sampleData.swift; sourceTree = "<group>"; };
		0F23E9332A2E2C8500BDD77D /* makeQueyString.swift */ = {isa = PBXFileReference; lastKnownFileType = sourcecode.swift; path = makeQueyString.swift; sourceTree = "<group>"; };
		0F5766AA2A33BA38009B7F1D /* DefaultApi.swift */ = {isa = PBXFileReference; lastKnownFileType = sourcecode.swift; path = DefaultApi.swift; sourceTree = "<group>"; };
/* End PBXFileReference section */

/* Begin PBXFrameworksBuildPhase section */
		0F23E9132A2DCF9300BDD77D /* Frameworks */ = {
			isa = PBXFrameworksBuildPhase;
			buildActionMask = 2147483647;
			files = (
			);
			runOnlyForDeploymentPostprocessing = 0;
		};
/* End PBXFrameworksBuildPhase section */

/* Begin PBXGroup section */
		0F23E90D2A2DCF9300BDD77D = {
			isa = PBXGroup;
			children = (
				0F23E9182A2DCF9300BDD77D /* 05-06.06.2023-SwiftUI-Structure42-Phase1 */,
				0F23E9172A2DCF9300BDD77D /* Products */,
			);
			sourceTree = "<group>";
		};
		0F23E9172A2DCF9300BDD77D /* Products */ = {
			isa = PBXGroup;
			children = (
				0F23E9162A2DCF9300BDD77D /* 05-06.06.2023-SwiftUI-Structure42-Phase1.app */,
			);
			name = Products;
			sourceTree = "<group>";
		};
		0F23E9182A2DCF9300BDD77D /* 05-06.06.2023-SwiftUI-Structure42-Phase1 */ = {
			isa = PBXGroup;
			children = (
				0F5766AF2A33CB9A009B7F1D /* utils */,
				0F5766AE2A33CB5A009B7F1D /* mocks */,
				0F5766AD2A33CAF9009B7F1D /* views */,
				0F5766AC2A33C9AE009B7F1D /* api */,
				0F23E9192A2DCF9300BDD77D /* _5_06_06_2023_SwiftUI_Structure42_Phase1App.swift */,
				0F23E91B2A2DCF9300BDD77D /* App.swift */,
				0F23E91D2A2DCF9500BDD77D /* Assets.xcassets */,
				0F23E91F2A2DCF9500BDD77D /* Preview Content */,
			);
			path = "05-06.06.2023-SwiftUI-Structure42-Phase1";
			sourceTree = "<group>";
		};
		0F23E91F2A2DCF9500BDD77D /* Preview Content */ = {
			isa = PBXGroup;
			children = (
				0F23E9202A2DCF9500BDD77D /* Preview Assets.xcassets */,
			);
			path = "Preview Content";
			sourceTree = "<group>";
		};
		0F5766AC2A33C9AE009B7F1D /* api */ = {
			isa = PBXGroup;
			children = (
				0F5766AA2A33BA38009B7F1D /* DefaultApi.swift */,
			);
			path = api;
			sourceTree = "<group>";
		};
		0F5766AD2A33CAF9009B7F1D /* views */ = {
			isa = PBXGroup;
			children = (
				0F23E9272A2DDAB500BDD77D /* VehicleProjectCard.swift */,
				0F23E92B2A2DE2EC00BDD77D /* Sort.swift */,
			);
			path = views;
			sourceTree = "<group>";
		};
		0F5766AE2A33CB5A009B7F1D /* mocks */ = {
			isa = PBXGroup;
			children = (
				0F23E92D2A2DF97800BDD77D /* sampleData.swift */,
			);
			path = mocks;
			sourceTree = "<group>";
		};
		0F5766AF2A33CB9A009B7F1D /* utils */ = {
			isa = PBXGroup;
			children = (
				0F23E9332A2E2C8500BDD77D /* makeQueyString.swift */,
				0F23E9292A2DDC4300BDD77D /* types.swift */,
			);
			path = utils;
			sourceTree = "<group>";
		};
/* End PBXGroup section */

/* Begin PBXNativeTarget section */
		0F23E9152A2DCF9300BDD77D /* 05-06.06.2023-SwiftUI-Structure42-Phase1 */ = {
			isa = PBXNativeTarget;
			buildConfigurationList = 0F23E9242A2DCF9500BDD77D /* Build configuration list for PBXNativeTarget "05-06.06.2023-SwiftUI-Structure42-Phase1" */;
			buildPhases = (
				0F23E9122A2DCF9300BDD77D /* Sources */,
				0F23E9132A2DCF9300BDD77D /* Frameworks */,
				0F23E9142A2DCF9300BDD77D /* Resources */,
			);
			buildRules = (
			);
			dependencies = (
			);
			name = "05-06.06.2023-SwiftUI-Structure42-Phase1";
			productName = "05-06.06.2023-SwiftUI-Structure42-Phase1";
			productReference = 0F23E9162A2DCF9300BDD77D /* 05-06.06.2023-SwiftUI-Structure42-Phase1.app */;
			productType = "com.apple.product-type.application";
		};
/* End PBXNativeTarget section */

/* Begin PBXProject section */
		0F23E90E2A2DCF9300BDD77D /* Project object */ = {
			isa = PBXProject;
			attributes = {
				BuildIndependentTargetsInParallel = 1;
				LastSwiftUpdateCheck = 1420;
				LastUpgradeCheck = 1420;
				TargetAttributes = {
					0F23E9152A2DCF9300BDD77D = {
						CreatedOnToolsVersion = 14.2;
					};
				};
			};
			buildConfigurationList = 0F23E9112A2DCF9300BDD77D /* Build configuration list for PBXProject "05-06.06.2023-SwiftUI-Structure42-Phase1" */;
			compatibilityVersion = "Xcode 14.0";
			developmentRegion = en;
			hasScannedForEncodings = 0;
			knownRegions = (
				en,
				Base,
			);
			mainGroup = 0F23E90D2A2DCF9300BDD77D;
			productRefGroup = 0F23E9172A2DCF9300BDD77D /* Products */;
			projectDirPath = "";
			projectRoot = "";
			targets = (
				0F23E9152A2DCF9300BDD77D /* 05-06.06.2023-SwiftUI-Structure42-Phase1 */,
			);
		};
/* End PBXProject section */

/* Begin PBXResourcesBuildPhase section */
		0F23E9142A2DCF9300BDD77D /* Resources */ = {
			isa = PBXResourcesBuildPhase;
			buildActionMask = 2147483647;
			files = (
				0F23E9212A2DCF9500BDD77D /* Preview Assets.xcassets in Resources */,
				0F23E91E2A2DCF9500BDD77D /* Assets.xcassets in Resources */,
			);
			runOnlyForDeploymentPostprocessing = 0;
		};
/* End PBXResourcesBuildPhase section */

/* Begin PBXSourcesBuildPhase section */
		0F23E9122A2DCF9300BDD77D /* Sources */ = {
			isa = PBXSourcesBuildPhase;
			buildActionMask = 2147483647;
			files = (
				0F23E9342A2E2C8500BDD77D /* makeQueyString.swift in Sources */,
				0F23E92A2A2DDC4300BDD77D /* types.swift in Sources */,
				0F23E91C2A2DCF9300BDD77D /* App.swift in Sources */,
				0F23E9282A2DDAB500BDD77D /* VehicleProjectCard.swift in Sources */,
				0F23E92E2A2DF97800BDD77D /* sampleData.swift in Sources */,
				0F23E92C2A2DE2EC00BDD77D /* Sort.swift in Sources */,
				0F5766AB2A33BA38009B7F1D /* DefaultApi.swift in Sources */,
				0F23E91A2A2DCF9300BDD77D /* _5_06_06_2023_SwiftUI_Structure42_Phase1App.swift in Sources */,
			);
			runOnlyForDeploymentPostprocessing = 0;
		};
/* End PBXSourcesBuildPhase section */

/* Begin XCBuildConfiguration section */
		0F23E9222A2DCF9500BDD77D /* Debug */ = {
			isa = XCBuildConfiguration;
			buildSettings = {
				ALWAYS_SEARCH_USER_PATHS = NO;
				CLANG_ANALYZER_NONNULL = YES;
				CLANG_ANALYZER_NUMBER_OBJECT_CONVERSION = YES_AGGRESSIVE;
				CLANG_CXX_LANGUAGE_STANDARD = "gnu++20";
				CLANG_ENABLE_MODULES = YES;
				CLANG_ENABLE_OBJC_ARC = YES;
				CLANG_ENABLE_OBJC_WEAK = YES;
				CLANG_WARN_BLOCK_CAPTURE_AUTORELEASING = YES;
				CLANG_WARN_BOOL_CONVERSION = YES;
				CLANG_WARN_COMMA = YES;
				CLANG_WARN_CONSTANT_CONVERSION = YES;
				CLANG_WARN_DEPRECATED_OBJC_IMPLEMENTATIONS = YES;
				CLANG_WARN_DIRECT_OBJC_ISA_USAGE = YES_ERROR;
				CLANG_WARN_DOCUMENTATION_COMMENTS = YES;
				CLANG_WARN_EMPTY_BODY = YES;
				CLANG_WARN_ENUM_CONVERSION = YES;
				CLANG_WARN_INFINITE_RECURSION = YES;
				CLANG_WARN_INT_CONVERSION = YES;
				CLANG_WARN_NON_LITERAL_NULL_CONVERSION = YES;
				CLANG_WARN_OBJC_IMPLICIT_RETAIN_SELF = YES;
				CLANG_WARN_OBJC_LITERAL_CONVERSION = YES;
				CLANG_WARN_OBJC_ROOT_CLASS = YES_ERROR;
				CLANG_WARN_QUOTED_INCLUDE_IN_FRAMEWORK_HEADER = YES;
				CLANG_WARN_RANGE_LOOP_ANALYSIS = YES;
				CLANG_WARN_STRICT_PROTOTYPES = YES;
				CLANG_WARN_SUSPICIOUS_MOVE = YES;
				CLANG_WARN_UNGUARDED_AVAILABILITY = YES_AGGRESSIVE;
				CLANG_WARN_UNREACHABLE_CODE = YES;
				CLANG_WARN__DUPLICATE_METHOD_MATCH = YES;
				COPY_PHASE_STRIP = NO;
				DEBUG_INFORMATION_FORMAT = dwarf;
				ENABLE_STRICT_OBJC_MSGSEND = YES;
				ENABLE_TESTABILITY = YES;
				GCC_C_LANGUAGE_STANDARD = gnu11;
				GCC_DYNAMIC_NO_PIC = NO;
				GCC_NO_COMMON_BLOCKS = YES;
				GCC_OPTIMIZATION_LEVEL = 0;
				GCC_PREPROCESSOR_DEFINITIONS = (
					"DEBUG=1",
					"$(inherited)",
				);
				GCC_WARN_64_TO_32_BIT_CONVERSION = YES;
				GCC_WARN_ABOUT_RETURN_TYPE = YES_ERROR;
				GCC_WARN_UNDECLARED_SELECTOR = YES;
				GCC_WARN_UNINITIALIZED_AUTOS = YES_AGGRESSIVE;
				GCC_WARN_UNUSED_FUNCTION = YES;
				GCC_WARN_UNUSED_VARIABLE = YES;
				IPHONEOS_DEPLOYMENT_TARGET = 16.2;
				MTL_ENABLE_DEBUG_INFO = INCLUDE_SOURCE;
				MTL_FAST_MATH = YES;
				ONLY_ACTIVE_ARCH = YES;
				SDKROOT = iphoneos;
				SWIFT_ACTIVE_COMPILATION_CONDITIONS = DEBUG;
				SWIFT_OPTIMIZATION_LEVEL = "-Onone";
			};
			name = Debug;
		};
		0F23E9232A2DCF9500BDD77D /* Release */ = {
			isa = XCBuildConfiguration;
			buildSettings = {
				ALWAYS_SEARCH_USER_PATHS = NO;
				CLANG_ANALYZER_NONNULL = YES;
				CLANG_ANALYZER_NUMBER_OBJECT_CONVERSION = YES_AGGRESSIVE;
				CLANG_CXX_LANGUAGE_STANDARD = "gnu++20";
				CLANG_ENABLE_MODULES = YES;
				CLANG_ENABLE_OBJC_ARC = YES;
				CLANG_ENABLE_OBJC_WEAK = YES;
				CLANG_WARN_BLOCK_CAPTURE_AUTORELEASING = YES;
				CLANG_WARN_BOOL_CONVERSION = YES;
				CLANG_WARN_COMMA = YES;
				CLANG_WARN_CONSTANT_CONVERSION = YES;
				CLANG_WARN_DEPRECATED_OBJC_IMPLEMENTATIONS = YES;
				CLANG_WARN_DIRECT_OBJC_ISA_USAGE = YES_ERROR;
				CLANG_WARN_DOCUMENTATION_COMMENTS = YES;
				CLANG_WARN_EMPTY_BODY = YES;
				CLANG_WARN_ENUM_CONVERSION = YES;
				CLANG_WARN_INFINITE_RECURSION = YES;
				CLANG_WARN_INT_CONVERSION = YES;
				CLANG_WARN_NON_LITERAL_NULL_CONVERSION = YES;
				CLANG_WARN_OBJC_IMPLICIT_RETAIN_SELF = YES;
				CLANG_WARN_OBJC_LITERAL_CONVERSION = YES;
				CLANG_WARN_OBJC_ROOT_CLASS = YES_ERROR;
				CLANG_WARN_QUOTED_INCLUDE_IN_FRAMEWORK_HEADER = YES;
				CLANG_WARN_RANGE_LOOP_ANALYSIS = YES;
				CLANG_WARN_STRICT_PROTOTYPES = YES;
				CLANG_WARN_SUSPICIOUS_MOVE = YES;
				CLANG_WARN_UNGUARDED_AVAILABILITY = YES_AGGRESSIVE;
				CLANG_WARN_UNREACHABLE_CODE = YES;
				CLANG_WARN__DUPLICATE_METHOD_MATCH = YES;
				COPY_PHASE_STRIP = NO;
				DEBUG_INFORMATION_FORMAT = "dwarf-with-dsym";
				ENABLE_NS_ASSERTIONS = NO;
				ENABLE_STRICT_OBJC_MSGSEND = YES;
				GCC_C_LANGUAGE_STANDARD = gnu11;
				GCC_NO_COMMON_BLOCKS = YES;
				GCC_WARN_64_TO_32_BIT_CONVERSION = YES;
				GCC_WARN_ABOUT_RETURN_TYPE = YES_ERROR;
				GCC_WARN_UNDECLARED_SELECTOR = YES;
				GCC_WARN_UNINITIALIZED_AUTOS = YES_AGGRESSIVE;
				GCC_WARN_UNUSED_FUNCTION = YES;
				GCC_WARN_UNUSED_VARIABLE = YES;
				IPHONEOS_DEPLOYMENT_TARGET = 16.2;
				MTL_ENABLE_DEBUG_INFO = NO;
				MTL_FAST_MATH = YES;
				SDKROOT = iphoneos;
				SWIFT_COMPILATION_MODE = wholemodule;
				SWIFT_OPTIMIZATION_LEVEL = "-O";
				VALIDATE_PRODUCT = YES;
			};
			name = Release;
		};
		0F23E9252A2DCF9500BDD77D /* Debug */ = {
			isa = XCBuildConfiguration;
			buildSettings = {
				ASSETCATALOG_COMPILER_APPICON_NAME = AppIcon;
				ASSETCATALOG_COMPILER_GLOBAL_ACCENT_COLOR_NAME = AccentColor;
				CODE_SIGN_STYLE = Automatic;
				CURRENT_PROJECT_VERSION = 1;
				DEVELOPMENT_ASSET_PATHS = "\"05-06.06.2023-SwiftUI-Structure42-Phase1/Preview Content\"";
				ENABLE_PREVIEWS = YES;
				GENERATE_INFOPLIST_FILE = YES;
				INFOPLIST_KEY_UIApplicationSceneManifest_Generation = YES;
				INFOPLIST_KEY_UIApplicationSupportsIndirectInputEvents = YES;
				INFOPLIST_KEY_UILaunchScreen_Generation = YES;
				INFOPLIST_KEY_UISupportedInterfaceOrientations_iPad = "UIInterfaceOrientationPortrait UIInterfaceOrientationPortraitUpsideDown UIInterfaceOrientationLandscapeLeft UIInterfaceOrientationLandscapeRight";
				INFOPLIST_KEY_UISupportedInterfaceOrientations_iPhone = "UIInterfaceOrientationPortrait UIInterfaceOrientationLandscapeLeft UIInterfaceOrientationLandscapeRight";
				LD_RUNPATH_SEARCH_PATHS = (
					"$(inherited)",
					"@executable_path/Frameworks",
				);
				MARKETING_VERSION = 1.0;
				PRODUCT_BUNDLE_IDENTIFIER = "com.vel.manicmondaytuesday.-5-06-06-2023-SwiftUI-Structure42-Phase1";
				PRODUCT_NAME = "$(TARGET_NAME)";
				SWIFT_EMIT_LOC_STRINGS = YES;
				SWIFT_VERSION = 5.0;
				TARGETED_DEVICE_FAMILY = "1,2";
			};
			name = Debug;
		};
		0F23E9262A2DCF9500BDD77D /* Release */ = {
			isa = XCBuildConfiguration;
			buildSettings = {
				ASSETCATALOG_COMPILER_APPICON_NAME = AppIcon;
				ASSETCATALOG_COMPILER_GLOBAL_ACCENT_COLOR_NAME = AccentColor;
				CODE_SIGN_STYLE = Automatic;
				CURRENT_PROJECT_VERSION = 1;
				DEVELOPMENT_ASSET_PATHS = "\"05-06.06.2023-SwiftUI-Structure42-Phase1/Preview Content\"";
				ENABLE_PREVIEWS = YES;
				GENERATE_INFOPLIST_FILE = YES;
				INFOPLIST_KEY_UIApplicationSceneManifest_Generation = YES;
				INFOPLIST_KEY_UIApplicationSupportsIndirectInputEvents = YES;
				INFOPLIST_KEY_UILaunchScreen_Generation = YES;
				INFOPLIST_KEY_UISupportedInterfaceOrientations_iPad = "UIInterfaceOrientationPortrait UIInterfaceOrientationPortraitUpsideDown UIInterfaceOrientationLandscapeLeft UIInterfaceOrientationLandscapeRight";
				INFOPLIST_KEY_UISupportedInterfaceOrientations_iPhone = "UIInterfaceOrientationPortrait UIInterfaceOrientationLandscapeLeft UIInterfaceOrientationLandscapeRight";
				LD_RUNPATH_SEARCH_PATHS = (
					"$(inherited)",
					"@executable_path/Frameworks",
				);
				MARKETING_VERSION = 1.0;
				PRODUCT_BUNDLE_IDENTIFIER = "com.vel.manicmondaytuesday.-5-06-06-2023-SwiftUI-Structure42-Phase1";
				PRODUCT_NAME = "$(TARGET_NAME)";
				SWIFT_EMIT_LOC_STRINGS = YES;
				SWIFT_VERSION = 5.0;
				TARGETED_DEVICE_FAMILY = "1,2";
			};
			name = Release;
		};
/* End XCBuildConfiguration section */

/* Begin XCConfigurationList section */
		0F23E9112A2DCF9300BDD77D /* Build configuration list for PBXProject "05-06.06.2023-SwiftUI-Structure42-Phase1" */ = {
			isa = XCConfigurationList;
			buildConfigurations = (
				0F23E9222A2DCF9500BDD77D /* Debug */,
				0F23E9232A2DCF9500BDD77D /* Release */,
			);
			defaultConfigurationIsVisible = 0;
			defaultConfigurationName = Release;
		};
		0F23E9242A2DCF9500BDD77D /* Build configuration list for PBXNativeTarget "05-06.06.2023-SwiftUI-Structure42-Phase1" */ = {
			isa = XCConfigurationList;
			buildConfigurations = (
				0F23E9252A2DCF9500BDD77D /* Debug */,
				0F23E9262A2DCF9500BDD77D /* Release */,
			);
			defaultConfigurationIsVisible = 0;
			defaultConfigurationName = Release;
		};
/* End XCConfigurationList section */
	};
	rootObject = 0F23E90E2A2DCF9300BDD77D /* Project object */;
}
